
Microsoft Visual Studio Solution File, Format Version 12.00
# Visual Studio Version 17
VisualStudioVersion = 17.5.33627.172
MinimumVisualStudioVersion = 10.0.40219.1
Project("{2150E333-8FDC-42A3-9474-1A3956D46DE8}") = "Solution Items", "Solution Items", "{4130D21C-FE8F-4925-93E7-217B4AF1B7D9}"
	ProjectSection(SolutionItems) = preProject
		..\vers\changelog.md = ..\vers\changelog.md
		FUSE-fx.RepositoryContract.nuspec = FUSE-fx.RepositoryContract.nuspec
		..\readme.md = ..\readme.md
	EndProjectSection
EndProject
Project("{2150E333-8FDC-42A3-9474-1A3956D46DE8}") = "src", "src", "{EFB5135D-039A-4D92-8FDD-9EA5D070F991}"
EndProject
Project("{D954291E-2A0B-460D-934E-DC6B0785DB48}") = "RepositoryContract", "src\RepositoryContract\RepositoryContract.shproj", "{CF0A161A-99BA-4F01-AF5E-16C6FCBC85AE}"
EndProject
Project("{2150E333-8FDC-42A3-9474-1A3956D46DE8}") = "js", "js", "{431B90E9-4591-4FBD-A87F-52866A67B36D}"
	ProjectSection(SolutionItems) = preProject
		..\js\Contract\package.json = ..\js\Contract\package.json
	EndProjectSection
EndProject
Project("{9A19103F-16F7-4668-BE54-9A1E7A4F7556}") = "RepositoryContract.net5.0", "src\RepositoryContract.net5.0\RepositoryContract.net5.0.csproj", "{88F15535-FAD8-4372-80DC-FD0D8C81AB4C}"
EndProject
Project("{9A19103F-16F7-4668-BE54-9A1E7A4F7556}") = "RepositoryContract.net6.0", "src\RepositoryContract.net6.0\RepositoryContract.net6.0.csproj", "{7B5BAEA8-7E79-4A30-B6C1-4DA4831AF970}"
EndProject
Project("{FAE04EC0-301F-11D3-BF4B-00C04F79EFBC}") = "RepositoryContract.net461", "src\RepositoryContract.net461\RepositoryContract.net461.csproj", "{B0BA06FE-6437-4B9E-8C76-3ADFC8D191D2}"
EndProject
Project("{9A19103F-16F7-4668-BE54-9A1E7A4F7556}") = "RepositoryContract.Demo.WebApi", "src\RepositoryContract.Demo.WebApi\RepositoryContract.Demo.WebApi.csproj", "{2C95571E-07FF-49CB-8BE7-7F2CDCDBE75C}"
EndProject
Project("{9A19103F-16F7-4668-BE54-9A1E7A4F7556}") = "UjmwRepositoryConnector", "src\UjmwRepositoryConnector\UjmwRepositoryConnector.csproj", "{5BDB2EDA-D142-498B-B6F3-B07429C895EE}"
EndProject
Project("{2150E333-8FDC-42A3-9474-1A3956D46DE8}") = "(old)", "(old)", "{9E8E402C-864A-44AD-B373-CB8B2DAA8516}"
EndProject
Project("{9A19103F-16F7-4668-BE54-9A1E7A4F7556}") = "RepositoryContract.Demo", "src\RepositoryContract.Demo\RepositoryContract.Demo.csproj", "{A9A07287-AB82-4AA3-B677-C1A6850FFB7B}"
EndProject
Global
	GlobalSection(SolutionConfigurationPlatforms) = preSolution
		Debug|Any CPU = Debug|Any CPU
		Release|Any CPU = Release|Any CPU
	EndGlobalSection
	GlobalSection(ProjectConfigurationPlatforms) = postSolution
		{88F15535-FAD8-4372-80DC-FD0D8C81AB4C}.Debug|Any CPU.ActiveCfg = Debug|Any CPU
		{88F15535-FAD8-4372-80DC-FD0D8C81AB4C}.Debug|Any CPU.Build.0 = Debug|Any CPU
		{88F15535-FAD8-4372-80DC-FD0D8C81AB4C}.Release|Any CPU.ActiveCfg = Release|Any CPU
		{88F15535-FAD8-4372-80DC-FD0D8C81AB4C}.Release|Any CPU.Build.0 = Release|Any CPU
		{7B5BAEA8-7E79-4A30-B6C1-4DA4831AF970}.Debug|Any CPU.ActiveCfg = Debug|Any CPU
		{7B5BAEA8-7E79-4A30-B6C1-4DA4831AF970}.Debug|Any CPU.Build.0 = Debug|Any CPU
		{7B5BAEA8-7E79-4A30-B6C1-4DA4831AF970}.Release|Any CPU.ActiveCfg = Release|Any CPU
		{7B5BAEA8-7E79-4A30-B6C1-4DA4831AF970}.Release|Any CPU.Build.0 = Release|Any CPU
		{B0BA06FE-6437-4B9E-8C76-3ADFC8D191D2}.Debug|Any CPU.ActiveCfg = Debug|Any CPU
		{B0BA06FE-6437-4B9E-8C76-3ADFC8D191D2}.Debug|Any CPU.Build.0 = Debug|Any CPU
		{B0BA06FE-6437-4B9E-8C76-3ADFC8D191D2}.Release|Any CPU.ActiveCfg = Release|Any CPU
		{B0BA06FE-6437-4B9E-8C76-3ADFC8D191D2}.Release|Any CPU.Build.0 = Release|Any CPU
		{2C95571E-07FF-49CB-8BE7-7F2CDCDBE75C}.Debug|Any CPU.ActiveCfg = Debug|Any CPU
		{2C95571E-07FF-49CB-8BE7-7F2CDCDBE75C}.Debug|Any CPU.Build.0 = Debug|Any CPU
		{2C95571E-07FF-49CB-8BE7-7F2CDCDBE75C}.Release|Any CPU.ActiveCfg = Release|Any CPU
		{2C95571E-07FF-49CB-8BE7-7F2CDCDBE75C}.Release|Any CPU.Build.0 = Release|Any CPU
		{5BDB2EDA-D142-498B-B6F3-B07429C895EE}.Debug|Any CPU.ActiveCfg = Debug|Any CPU
		{5BDB2EDA-D142-498B-B6F3-B07429C895EE}.Debug|Any CPU.Build.0 = Debug|Any CPU
		{5BDB2EDA-D142-498B-B6F3-B07429C895EE}.Release|Any CPU.ActiveCfg = Release|Any CPU
		{5BDB2EDA-D142-498B-B6F3-B07429C895EE}.Release|Any CPU.Build.0 = Release|Any CPU
		{A9A07287-AB82-4AA3-B677-C1A6850FFB7B}.Debug|Any CPU.ActiveCfg = Debug|Any CPU
		{A9A07287-AB82-4AA3-B677-C1A6850FFB7B}.Debug|Any CPU.Build.0 = Debug|Any CPU
		{A9A07287-AB82-4AA3-B677-C1A6850FFB7B}.Release|Any CPU.ActiveCfg = Release|Any CPU
		{A9A07287-AB82-4AA3-B677-C1A6850FFB7B}.Release|Any CPU.Build.0 = Release|Any CPU
	EndGlobalSection
	GlobalSection(SolutionProperties) = preSolution
		HideSolutionNode = FALSE
	EndGlobalSection
	GlobalSection(NestedProjects) = preSolution
		{CF0A161A-99BA-4F01-AF5E-16C6FCBC85AE} = {EFB5135D-039A-4D92-8FDD-9EA5D070F991}
		{431B90E9-4591-4FBD-A87F-52866A67B36D} = {4130D21C-FE8F-4925-93E7-217B4AF1B7D9}
		{88F15535-FAD8-4372-80DC-FD0D8C81AB4C} = {EFB5135D-039A-4D92-8FDD-9EA5D070F991}
		{7B5BAEA8-7E79-4A30-B6C1-4DA4831AF970} = {EFB5135D-039A-4D92-8FDD-9EA5D070F991}
		{B0BA06FE-6437-4B9E-8C76-3ADFC8D191D2} = {EFB5135D-039A-4D92-8FDD-9EA5D070F991}
		{2C95571E-07FF-49CB-8BE7-7F2CDCDBE75C} = {EFB5135D-039A-4D92-8FDD-9EA5D070F991}
		{5BDB2EDA-D142-498B-B6F3-B07429C895EE} = {9E8E402C-864A-44AD-B373-CB8B2DAA8516}
		{9E8E402C-864A-44AD-B373-CB8B2DAA8516} = {EFB5135D-039A-4D92-8FDD-9EA5D070F991}
		{A9A07287-AB82-4AA3-B677-C1A6850FFB7B} = {EFB5135D-039A-4D92-8FDD-9EA5D070F991}
	EndGlobalSection
	GlobalSection(ExtensibilityGlobals) = postSolution
		SolutionGuid = {D2F37C1D-32F0-4BF2-AAEB-46B9D8C07D23}
	EndGlobalSection
	GlobalSection(SharedMSBuildProjectFiles) = preSolution
		src\RepositoryContract\RepositoryContract.projitems*{7b5baea8-7e79-4a30-b6c1-4da4831af970}*SharedItemsImports = 5
		src\RepositoryContract\RepositoryContract.projitems*{88f15535-fad8-4372-80dc-fd0d8c81ab4c}*SharedItemsImports = 5
		src\RepositoryContract\RepositoryContract.projitems*{cf0a161a-99ba-4f01-af5e-16c6fcbc85ae}*SharedItemsImports = 13
	EndGlobalSection
EndGlobal
