
Microsoft Visual Studio Solution File, Format Version 12.00
# Visual Studio Version 16
VisualStudioVersion = 16.0.30517.126
MinimumVisualStudioVersion = 10.0.40219.1
Project("{2150E333-8FDC-42A3-9474-1A3956D46DE8}") = "(nuspec)", "(nuspec)", "{B755BBA1-92FA-46E7-B3A7-C253E9BEBCA1}"
	ProjectSection(SolutionItems) = preProject
		Pack-UDAS.Contract.bat = Pack-UDAS.Contract.bat
		Pack-UDAS.UjmwConnector.bat = Pack-UDAS.UjmwConnector.bat
		UDAS.Connector.nuspec = UDAS.Connector.nuspec
		UDAS.Contract.nuspec = UDAS.Contract.nuspec
	EndProjectSection
EndProject
Project("{2150E333-8FDC-42A3-9474-1A3956D46DE8}") = "Solution Items", "Solution Items", "{5BBDB353-E308-4E48-88E0-EE23B1A3CC1D}"
	ProjectSection(SolutionItems) = preProject
		(tools)\kGEN.Readme.txt = (tools)\kGEN.Readme.txt
		(tools)\kGEN.Sample.tt = (tools)\kGEN.Sample.tt
	EndProjectSection
EndProject
Project("{9A19103F-16F7-4668-BE54-9A1E7A4F7556}") = "UDAS.Contract", "Contract\UDAS.Contract.csproj", "{B44AC7BA-1C24-4A67-B55C-BE17EFF6BAC6}"
EndProject
Project("{9A19103F-16F7-4668-BE54-9A1E7A4F7556}") = "UDAS.Connector", "UjmwConnector\UDAS.Connector.csproj", "{46B829AC-CEA8-425B-93F8-1D9B760E20F1}"
EndProject
Global
	GlobalSection(SolutionConfigurationPlatforms) = preSolution
		Debug|Any CPU = Debug|Any CPU
		Release|Any CPU = Release|Any CPU
	EndGlobalSection
	GlobalSection(ProjectConfigurationPlatforms) = postSolution
		{B44AC7BA-1C24-4A67-B55C-BE17EFF6BAC6}.Debug|Any CPU.ActiveCfg = Debug|Any CPU
		{B44AC7BA-1C24-4A67-B55C-BE17EFF6BAC6}.Debug|Any CPU.Build.0 = Debug|Any CPU
		{B44AC7BA-1C24-4A67-B55C-BE17EFF6BAC6}.Release|Any CPU.ActiveCfg = Release|Any CPU
		{B44AC7BA-1C24-4A67-B55C-BE17EFF6BAC6}.Release|Any CPU.Build.0 = Release|Any CPU
		{46B829AC-CEA8-425B-93F8-1D9B760E20F1}.Debug|Any CPU.ActiveCfg = Debug|Any CPU
		{46B829AC-CEA8-425B-93F8-1D9B760E20F1}.Debug|Any CPU.Build.0 = Debug|Any CPU
		{46B829AC-CEA8-425B-93F8-1D9B760E20F1}.Release|Any CPU.ActiveCfg = Release|Any CPU
		{46B829AC-CEA8-425B-93F8-1D9B760E20F1}.Release|Any CPU.Build.0 = Release|Any CPU
	EndGlobalSection
	GlobalSection(SolutionProperties) = preSolution
		HideSolutionNode = FALSE
	EndGlobalSection
	GlobalSection(ExtensibilityGlobals) = postSolution
		SolutionGuid = {174839FD-71CD-40F0-9F70-CAE01B1C345A}
	EndGlobalSection
EndGlobal
